
Microsoft Visual Studio Solution File, Format Version 12.00
# Visual Studio Version 16
VisualStudioVersion = 16.0.31702.278
MinimumVisualStudioVersion = 10.0.40219.1
Project("{FAE04EC0-301F-11D3-BF4B-00C04F79EFBC}") = "ex1_the_debt_book", "ex1_the_debt_book\ex1_the_debt_book.csproj", "{C9F42034-45B6-457B-8860-036A96698CEA}"
EndProject
Project("{FAE04EC0-301F-11D3-BF4B-00C04F79EFBC}") = "ex1_the_debt_book.Test.Unit", "ex1_the_debt_book.Test.Unit\ex1_the_debt_book.Test.Unit.csproj", "{EE35B7F0-6F61-4F7E-9907-24CE57A6AB47}"
EndProject
Global
	GlobalSection(SolutionConfigurationPlatforms) = preSolution
		Debug|Any CPU = Debug|Any CPU
		Release|Any CPU = Release|Any CPU
	EndGlobalSection
	GlobalSection(ProjectConfigurationPlatforms) = postSolution
		{C9F42034-45B6-457B-8860-036A96698CEA}.Debug|Any CPU.ActiveCfg = Debug|Any CPU
		{C9F42034-45B6-457B-8860-036A96698CEA}.Debug|Any CPU.Build.0 = Debug|Any CPU
		{C9F42034-45B6-457B-8860-036A96698CEA}.Release|Any CPU.ActiveCfg = Release|Any CPU
		{C9F42034-45B6-457B-8860-036A96698CEA}.Release|Any CPU.Build.0 = Release|Any CPU
		{EE35B7F0-6F61-4F7E-9907-24CE57A6AB47}.Debug|Any CPU.ActiveCfg = Debug|Any CPU
		{EE35B7F0-6F61-4F7E-9907-24CE57A6AB47}.Debug|Any CPU.Build.0 = Debug|Any CPU
		{EE35B7F0-6F61-4F7E-9907-24CE57A6AB47}.Release|Any CPU.ActiveCfg = Release|Any CPU
		{EE35B7F0-6F61-4F7E-9907-24CE57A6AB47}.Release|Any CPU.Build.0 = Release|Any CPU
	EndGlobalSection
	GlobalSection(SolutionProperties) = preSolution
		HideSolutionNode = FALSE
	EndGlobalSection
	GlobalSection(ExtensibilityGlobals) = postSolution
		SolutionGuid = {A893A4C4-3DBE-4C5E-87D8-AC4C1ED0A175}
	EndGlobalSection
EndGlobal
